PODS:
  - HPUIViewExtensions (0.1.24)
  - HPXibDesignable (0.1.6)
  - NVActivityIndicatorView (4.0.1):
    - NVActivityIndicatorView/Presenter (= 4.0.1)
  - NVActivityIndicatorView/Presenter (4.0.1)

DEPENDENCIES:
  - HPUIViewExtensions
  - HPXibDesignable
  - NVActivityIndicatorView

SPEC CHECKSUMS:
  HPUIViewExtensions: 66e4670321bbfd153b49049b69487e7d727a637c
  HPXibDesignable: 9404c89a7a36fe22d892498ac105cbd0ae862dd9
  NVActivityIndicatorView: 77ed6d7b571643e24899e7858bf9ae2ee4c21f31

PODFILE CHECKSUM: 1ed80e98870831a0bc73f7c7074669c99b50e401

COCOAPODS: 1.3.1
