// !$*UTF8*$!
{
	archiveVersion = 1;
	classes = {
	};
	objectVersion = 46;
	objects = {

/* Begin PBXBuildFile section */
		3127E77E1D372447002293D4 /* AppDelegate.swift in Sources */ = {isa = PBXBuildFile; fileRef = 3127E77D1D372447002293D4 /* AppDelegate.swift */; };
		3127E7801D372447002293D4 /* ViewController.swift in Sources */ = {isa = PBXBuildFile; fileRef = 3127E77F1D372447002293D4 /* ViewController.swift */; };
		3127E7831D372447002293D4 /* Main.storyboard in Resources */ = {isa = PBXBuildFile; fileRef = 3127E7811D372447002293D4 /* Main.storyboard */; };
		3127E7851D372448002293D4 /* Assets.xcassets in Resources */ = {isa = PBXBuildFile; fileRef = 3127E7841D372448002293D4 /* Assets.xcassets */; };
		3127E7881D372448002293D4 /* LaunchScreen.storyboard in Resources */ = {isa = PBXBuildFile; fileRef = 3127E7861D372448002293D4 /* LaunchScreen.storyboard */; };
		3127E7931D372448002293D4 /* M_TaixeTests.swift in Sources */ = {isa = PBXBuildFile; fileRef = 3127E7921D372448002293D4 /* M_TaixeTests.swift */; };
		3127E79E1D372448002293D4 /* M_TaixeUITests.swift in Sources */ = {isa = PBXBuildFile; fileRef = 3127E79D1D372448002293D4 /* M_TaixeUITests.swift */; };
/* End PBXBuildFile section */

/* Begin PBXContainerItemProxy section */
		3127E78F1D372448002293D4 /* PBXContainerItemProxy */ = {
			isa = PBXContainerItemProxy;
			containerPortal = 3127E7721D372447002293D4 /* Project object */;
			proxyType = 1;
			remoteGlobalIDString = 3127E7791D372447002293D4;
			remoteInfo = "M-Taixe";
		};
		3127E79A1D372448002293D4 /* PBXContainerItemProxy */ = {
			isa = PBXContainerItemProxy;
			containerPortal = 3127E7721D372447002293D4 /* Project object */;
			proxyType = 1;
			remoteGlobalIDString = 3127E7791D372447002293D4;
			remoteInfo = "M-Taixe";
		};
/* End PBXContainerItemProxy section */

/* Begin PBXFileReference section */
		3127E77A1D372447002293D4 /* M-Taixe.app */ = {isa = PBXFileReference; explicitFileType = wrapper.application; includeInIndex = 0; path = "M-Taixe.app"; sourceTree = BUILT_PRODUCTS_DIR; };
		3127E77D1D372447002293D4 /* AppDelegate.swift */ = {isa = PBXFileReference; lastKnownFileType = sourcecode.swift; path = AppDelegate.swift; sourceTree = "<group>"; };
		3127E77F1D372447002293D4 /* ViewController.swift */ = {isa = PBXFileReference; lastKnownFileType = sourcecode.swift; path = ViewController.swift; sourceTree = "<group>"; };
		3127E7821D372447002293D4 /* Base */ = {isa = PBXFileReference; lastKnownFileType = file.storyboard; name = Base; path = Base.lproj/Main.storyboard; sourceTree = "<group>"; };
		3127E7841D372448002293D4 /* Assets.xcassets */ = {isa = PBXFileReference; lastKnownFileType = folder.assetcatalog; path = Assets.xcassets; sourceTree = "<group>"; };
		3127E7871D372448002293D4 /* Base */ = {isa = PBXFileReference; lastKnownFileType = file.storyboard; name = Base; path = Base.lproj/LaunchScreen.storyboard; sourceTree = "<group>"; };
		3127E7891D372448002293D4 /* Info.plist */ = {isa = PBXFileReference; lastKnownFileType = text.plist.xml; path = Info.plist; sourceTree = "<group>"; };
		3127E78E1D372448002293D4 /* M-TaixeTests.xctest */ = {isa = PBXFileReference; explicitFileType = wrapper.cfbundle; includeInIndex = 0; path = "M-TaixeTests.xctest"; sourceTree = BUILT_PRODUCTS_DIR; };
		3127E7921D372448002293D4 /* M_TaixeTests.swift */ = {isa = PBXFileReference; lastKnownFileType = sourcecode.swift; path = M_TaixeTests.swift; sourceTree = "<group>"; };
		3127E7941D372448002293D4 /* Info.plist */ = {isa = PBXFileReference; lastKnownFileType = text.plist.xml; path = Info.plist; sourceTree = "<group>"; };
		3127E7991D372448002293D4 /* M-TaixeUITests.xctest */ = {isa = PBXFileReference; explicitFileType = wrapper.cfbundle; includeInIndex = 0; path = "M-TaixeUITests.xctest"; sourceTree = BUILT_PRODUCTS_DIR; };
		3127E79D1D372448002293D4 /* M_TaixeUITests.swift */ = {isa = PBXFileReference; lastKnownFileType = sourcecode.swift; path = M_TaixeUITests.swift; sourceTree = "<group>"; };
		3127E79F1D372448002293D4 /* Info.plist */ = {isa = PBXFileReference; lastKnownFileType = text.plist.xml; path = Info.plist; sourceTree = "<group>"; };
/* End PBXFileReference section */

/* Begin PBXFrameworksBuildPhase section */
		3127E7771D372447002293D4 /* Frameworks */ = {
			isa = PBXFrameworksBuildPhase;
			buildActionMask = 2147483647;
			files = (
			);
			runOnlyForDeploymentPostprocessing = 0;
		};
		3127E78B1D372448002293D4 /* Frameworks */ = {
			isa = PBXFrameworksBuildPhase;
			buildActionMask = 2147483647;
			files = (
			);
			runOnlyForDeploymentPostprocessing = 0;
		};
		3127E7961D372448002293D4 /* Frameworks */ = {
			isa = PBXFrameworksBuildPhase;
			buildActionMask = 2147483647;
			files = (
			);
			runOnlyForDeploymentPostprocessing = 0;
		};
/* End PBXFrameworksBuildPhase section */

/* Begin PBXGroup section */
		3127E7711D372447002293D4 = {
			isa = PBXGroup;
			children = (
				3127E77C1D372447002293D4 /* M-Taixe */,
				3127E7911D372448002293D4 /* M-TaixeTests */,
				3127E79C1D372448002293D4 /* M-TaixeUITests */,
				3127E77B1D372447002293D4 /* Products */,
			);
			sourceTree = "<group>";
		};
		3127E77B1D372447002293D4 /* Products */ = {
			isa = PBXGroup;
			children = (
				3127E77A1D372447002293D4 /* M-Taixe.app */,
				3127E78E1D372448002293D4 /* M-TaixeTests.xctest */,
				3127E7991D372448002293D4 /* M-TaixeUITests.xctest */,
			);
			name = Products;
			sourceTree = "<group>";
		};
		3127E77C1D372447002293D4 /* M-Taixe */ = {
			isa = PBXGroup;
			children = (
				3127E77D1D372447002293D4 /* AppDelegate.swift */,
				3127E77F1D372447002293D4 /* ViewController.swift */,
				3127E7811D372447002293D4 /* Main.storyboard */,
				3127E7841D372448002293D4 /* Assets.xcassets */,
				3127E7861D372448002293D4 /* LaunchScreen.storyboard */,
				3127E7891D372448002293D4 /* Info.plist */,
			);
			path = "M-Taixe";
			sourceTree = "<group>";
		};
		3127E7911D372448002293D4 /* M-TaixeTests */ = {
			isa = PBXGroup;
			children = (
				3127E7921D372448002293D4 /* M_TaixeTests.swift */,
				3127E7941D372448002293D4 /* Info.plist */,
			);
			path = "M-TaixeTests";
			sourceTree = "<group>";
		};
		3127E79C1D372448002293D4 /* M-TaixeUITests */ = {
			isa = PBXGroup;
			children = (
				3127E79D1D372448002293D4 /* M_TaixeUITests.swift */,
				3127E79F1D372448002293D4 /* Info.plist */,
			);
			path = "M-TaixeUITests";
			sourceTree = "<group>";
		};
/* End PBXGroup section */

/* Begin PBXNativeTarget section */
		3127E7791D372447002293D4 /* M-Taixe */ = {
			isa = PBXNativeTarget;
			buildConfigurationList = 3127E7A21D372448002293D4 /* Build configuration list for PBXNativeTarget "M-Taixe" */;
			buildPhases = (
				3127E7761D372447002293D4 /* Sources */,
				3127E7771D372447002293D4 /* Frameworks */,
				3127E7781D372447002293D4 /* Resources */,
			);
			buildRules = (
			);
			dependencies = (
			);
			name = "M-Taixe";
			productName = "M-Taixe";
			productReference = 3127E77A1D372447002293D4 /* M-Taixe.app */;
			productType = "com.apple.product-type.application";
		};
		3127E78D1D372448002293D4 /* M-TaixeTests */ = {
			isa = PBXNativeTarget;
			buildConfigurationList = 3127E7A51D372448002293D4 /* Build configuration list for PBXNativeTarget "M-TaixeTests" */;
			buildPhases = (
				3127E78A1D372448002293D4 /* Sources */,
				3127E78B1D372448002293D4 /* Frameworks */,
				3127E78C1D372448002293D4 /* Resources */,
			);
			buildRules = (
			);
			dependencies = (
				3127E7901D372448002293D4 /* PBXTargetDependency */,
			);
			name = "M-TaixeTests";
			productName = "M-TaixeTests";
			productReference = 3127E78E1D372448002293D4 /* M-TaixeTests.xctest */;
			productType = "com.apple.product-type.bundle.unit-test";
		};
		3127E7981D372448002293D4 /* M-TaixeUITests */ = {
			isa = PBXNativeTarget;
			buildConfigurationList = 3127E7A81D372448002293D4 /* Build configuration list for PBXNativeTarget "M-TaixeUITests" */;
			buildPhases = (
				3127E7951D372448002293D4 /* Sources */,
				3127E7961D372448002293D4 /* Frameworks */,
				3127E7971D372448002293D4 /* Resources */,
			);
			buildRules = (
			);
			dependencies = (
				3127E79B1D372448002293D4 /* PBXTargetDependency */,
			);
			name = "M-TaixeUITests";
			productName = "M-TaixeUITests";
			productReference = 3127E7991D372448002293D4 /* M-TaixeUITests.xctest */;
			productType = "com.apple.product-type.bundle.ui-testing";
		};
/* End PBXNativeTarget section */

/* Begin PBXProject section */
		3127E7721D372447002293D4 /* Project object */ = {
			isa = PBXProject;
			attributes = {
				LastSwiftUpdateCheck = 0730;
				LastUpgradeCheck = 0730;
				ORGANIZATIONNAME = kha;
				TargetAttributes = {
					3127E7791D372447002293D4 = {
						CreatedOnToolsVersion = 7.3.1;
						DevelopmentTeam = 9GLLK6K7WL;
					};
					3127E78D1D372448002293D4 = {
						CreatedOnToolsVersion = 7.3.1;
						DevelopmentTeam = 9GLLK6K7WL;
						TestTargetID = 3127E7791D372447002293D4;
					};
					3127E7981D372448002293D4 = {
						CreatedOnToolsVersion = 7.3.1;
						DevelopmentTeam = 9GLLK6K7WL;
						TestTargetID = 3127E7791D372447002293D4;
					};
				};
			};
			buildConfigurationList = 3127E7751D372447002293D4 /* Build configuration list for PBXProject "M-Taixe" */;
			compatibilityVersion = "Xcode 3.2";
			developmentRegion = English;
			hasScannedForEncodings = 0;
			knownRegions = (
				en,
				Base,
			);
			mainGroup = 3127E7711D372447002293D4;
			productRefGroup = 3127E77B1D372447002293D4 /* Products */;
			projectDirPath = "";
			projectRoot = "";
			targets = (
				3127E7791D372447002293D4 /* M-Taixe */,
				3127E78D1D372448002293D4 /* M-TaixeTests */,
				3127E7981D372448002293D4 /* M-TaixeUITests */,
			);
		};
/* End PBXProject section */

/* Begin PBXResourcesBuildPhase section */
		3127E7781D372447002293D4 /* Resources */ = {
			isa = PBXResourcesBuildPhase;
			buildActionMask = 2147483647;
			files = (
				3127E7881D372448002293D4 /* LaunchScreen.storyboard in Resources */,
				3127E7851D372448002293D4 /* Assets.xcassets in Resources */,
				3127E7831D372447002293D4 /* Main.storyboard in Resources */,
			);
			runOnlyForDeploymentPostprocessing = 0;
		};
		3127E78C1D372448002293D4 /* Resources */ = {
			isa = PBXResourcesBuildPhase;
			buildActionMask = 2147483647;
			files = (
			);
			runOnlyForDeploymentPostprocessing = 0;
		};
		3127E7971D372448002293D4 /* Resources */ = {
			isa = PBXResourcesBuildPhase;
			buildActionMask = 2147483647;
			files = (
			);
			runOnlyForDeploymentPostprocessing = 0;
		};
/* End PBXResourcesBuildPhase section */

/* Begin PBXSourcesBuildPhase section */
		3127E7761D372447002293D4 /* Sources */ = {
			isa = PBXSourcesBuildPhase;
			buildActionMask = 2147483647;
			files = (
				3127E7801D372447002293D4 /* ViewController.swift in Sources */,
				3127E77E1D372447002293D4 /* AppDelegate.swift in Sources */,
			);
			runOnlyForDeploymentPostprocessing = 0;
		};
		3127E78A1D372448002293D4 /* Sources */ = {
			isa = PBXSourcesBuildPhase;
			buildActionMask = 2147483647;
			files = (
				3127E7931D372448002293D4 /* M_TaixeTests.swift in Sources */,
			);
			runOnlyForDeploymentPostprocessing = 0;
		};
		3127E7951D372448002293D4 /* Sources */ = {
			isa = PBXSourcesBuildPhase;
			buildActionMask = 2147483647;
			files = (
				3127E79E1D372448002293D4 /* M_TaixeUITests.swift in Sources */,
			);
			runOnlyForDeploymentPostprocessing = 0;
		};
/* End PBXSourcesBuildPhase section */

/* Begin PBXTargetDependency section */
		3127E7901D372448002293D4 /* PBXTargetDependency */ = {
			isa = PBXTargetDependency;
			target = 3127E7791D372447002293D4 /* M-Taixe */;
			targetProxy = 3127E78F1D372448002293D4 /* PBXContainerItemProxy */;
		};
		3127E79B1D372448002293D4 /* PBXTargetDependency */ = {
			isa = PBXTargetDependency;
			target = 3127E7791D372447002293D4 /* M-Taixe */;
			targetProxy = 3127E79A1D372448002293D4 /* PBXContainerItemProxy */;
		};
/* End PBXTargetDependency section */

/* Begin PBXVariantGroup section */
		3127E7811D372447002293D4 /* Main.storyboard */ = {
			isa = PBXVariantGroup;
			children = (
				3127E7821D372447002293D4 /* Base */,
			);
			name = Main.storyboard;
			sourceTree = "<group>";
		};
		3127E7861D372448002293D4 /* LaunchScreen.storyboard */ = {
			isa = PBXVariantGroup;
			children = (
				3127E7871D372448002293D4 /* Base */,
			);
			name = LaunchScreen.storyboard;
			sourceTree = "<group>";
		};
/* End PBXVariantGroup section */

/* Begin XCBuildConfiguration section */
		3127E7A01D372448002293D4 /* Debug */ = {
			isa = XCBuildConfiguration;
			buildSettings = {
				ALWAYS_SEARCH_USER_PATHS = NO;
				CLANG_ANALYZER_NONNULL = YES;
				CLANG_CXX_LANGUAGE_STANDARD = "gnu++0x";
				CLANG_CXX_LIBRARY = "libc++";
				CLANG_ENABLE_MODULES = YES;
				CLANG_ENABLE_OBJC_ARC = YES;
				CLANG_WARN_BOOL_CONVERSION = YES;
				CLANG_WARN_CONSTANT_CONVERSION = YES;
				CLANG_WARN_DIRECT_OBJC_ISA_USAGE = YES_ERROR;
				CLANG_WARN_EMPTY_BODY = YES;
				CLANG_WARN_ENUM_CONVERSION = YES;
				CLANG_WARN_INT_CONVERSION = YES;
				CLANG_WARN_OBJC_ROOT_CLASS = YES_ERROR;
				CLANG_WARN_UNREACHABLE_CODE = YES;
				CLANG_WARN__DUPLICATE_METHOD_MATCH = YES;
				"CODE_SIGN_IDENTITY[sdk=iphoneos*]" = "iPhone Developer";
				COPY_PHASE_STRIP = NO;
				DEBUG_INFORMATION_FORMAT = dwarf;
				ENABLE_STRICT_OBJC_MSGSEND = YES;
				ENABLE_TESTABILITY = YES;
				GCC_C_LANGUAGE_STANDARD = gnu99;
				GCC_DYNAMIC_NO_PIC = NO;
				GCC_NO_COMMON_BLOCKS = YES;
				GCC_OPTIMIZATION_LEVEL = 0;
				GCC_PREPROCESSOR_DEFINITIONS = (
					"DEBUG=1",
					"$(inherited)",
				);
				GCC_WARN_64_TO_32_BIT_CONVERSION = YES;
				GCC_WARN_ABOUT_RETURN_TYPE = YES_ERROR;
				GCC_WARN_UNDECLARED_SELECTOR = YES;
				GCC_WARN_UNINITIALIZED_AUTOS = YES_AGGRESSIVE;
				GCC_WARN_UNUSED_FUNCTION = YES;
				GCC_WARN_UNUSED_VARIABLE = YES;
				IPHONEOS_DEPLOYMENT_TARGET = 9.3;
				MTL_ENABLE_DEBUG_INFO = YES;
				ONLY_ACTIVE_ARCH = YES;
				SDKROOT = iphoneos;
				SWIFT_OPTIMIZATION_LEVEL = "-Onone";
				TARGETED_DEVICE_FAMILY = "1,2";
			};
			name = Debug;
		};
		3127E7A11D372448002293D4 /* Release */ = {
			isa = XCBuildConfiguration;
			buildSettings = {
				ALWAYS_SEARCH_USER_PATHS = NO;
				CLANG_ANALYZER_NONNULL = YES;
				CLANG_CXX_LANGUAGE_STANDARD = "gnu++0x";
				CLANG_CXX_LIBRARY = "libc++";
				CLANG_ENABLE_MODULES = YES;
				CLANG_ENABLE_OBJC_ARC = YES;
				CLANG_WARN_BOOL_CONVERSION = YES;
				CLANG_WARN_CONSTANT_CONVERSION = YES;
				CLANG_WARN_DIRECT_OBJC_ISA_USAGE = YES_ERROR;
				CLANG_WARN_EMPTY_BODY = YES;
				CLANG_WARN_ENUM_CONVERSION = YES;
				CLANG_WARN_INT_CONVERSION = YES;
				CLANG_WARN_OBJC_ROOT_CLASS = YES_ERROR;
				CLANG_WARN_UNREACHABLE_CODE = YES;
				CLANG_WARN__DUPLICATE_METHOD_MATCH = YES;
				"CODE_SIGN_IDENTITY[sdk=iphoneos*]" = "iPhone Developer";
				COPY_PHASE_STRIP = NO;
				DEBUG_INFORMATION_FORMAT = "dwarf-with-dsym";
				ENABLE_NS_ASSERTIONS = NO;
				ENABLE_STRICT_OBJC_MSGSEND = YES;
				GCC_C_LANGUAGE_STANDARD = gnu99;
				GCC_NO_COMMON_BLOCKS = YES;
				GCC_WARN_64_TO_32_BIT_CONVERSION = YES;
				GCC_WARN_ABOUT_RETURN_TYPE = YES_ERROR;
				GCC_WARN_UNDECLARED_SELECTOR = YES;
				GCC_WARN_UNINITIALIZED_AUTOS = YES_AGGRESSIVE;
				GCC_WARN_UNUSED_FUNCTION = YES;
				GCC_WARN_UNUSED_VARIABLE = YES;
				IPHONEOS_DEPLOYMENT_TARGET = 9.3;
				MTL_ENABLE_DEBUG_INFO = NO;
				SDKROOT = iphoneos;
				TARGETED_DEVICE_FAMILY = "1,2";
				VALIDATE_PRODUCT = YES;
			};
			name = Release;
		};
		3127E7A31D372448002293D4 /* Debug */ = {
			isa = XCBuildConfiguration;
			buildSettings = {
				ASSETCATALOG_COMPILER_APPICON_NAME = AppIcon;
				INFOPLIST_FILE = "M-Taixe/Info.plist";
				LD_RUNPATH_SEARCH_PATHS = "$(inherited) @executable_path/Frameworks";
				PRODUCT_BUNDLE_IDENTIFIER = "kha.M-Taixe";
				PRODUCT_NAME = "$(TARGET_NAME)";
			};
			name = Debug;
		};
		3127E7A41D372448002293D4 /* Release */ = {
			isa = XCBuildConfiguration;
			buildSettings = {
				ASSETCATALOG_COMPILER_APPICON_NAME = AppIcon;
				INFOPLIST_FILE = "M-Taixe/Info.plist";
				LD_RUNPATH_SEARCH_PATHS = "$(inherited) @executable_path/Frameworks";
				PRODUCT_BUNDLE_IDENTIFIER = "kha.M-Taixe";
				PRODUCT_NAME = "$(TARGET_NAME)";
			};
			name = Release;
		};
		3127E7A61D372448002293D4 /* Debug */ = {
			isa = XCBuildConfiguration;
			buildSettings = {
				BUNDLE_LOADER = "$(TEST_HOST)";
				INFOPLIST_FILE = "M-TaixeTests/Info.plist";
				LD_RUNPATH_SEARCH_PATHS = "$(inherited) @executable_path/Frameworks @loader_path/Frameworks";
				PRODUCT_BUNDLE_IDENTIFIER = "kha.M-TaixeTests";
				PRODUCT_NAME = "$(TARGET_NAME)";
				TEST_HOST = "$(BUILT_PRODUCTS_DIR)/M-Taixe.app/M-Taixe";
			};
			name = Debug;
		};
		3127E7A71D372448002293D4 /* Release */ = {
			isa = XCBuildConfiguration;
			buildSettings = {
				BUNDLE_LOADER = "$(TEST_HOST)";
				INFOPLIST_FILE = "M-TaixeTests/Info.plist";
				LD_RUNPATH_SEARCH_PATHS = "$(inherited) @executable_path/Frameworks @loader_path/Frameworks";
				PRODUCT_BUNDLE_IDENTIFIER = "kha.M-TaixeTests";
				PRODUCT_NAME = "$(TARGET_NAME)";
				TEST_HOST = "$(BUILT_PRODUCTS_DIR)/M-Taixe.app/M-Taixe";
			};
			name = Release;
		};
		3127E7A91D372448002293D4 /* Debug */ = {
			isa = XCBuildConfiguration;
			buildSettings = {
				INFOPLIST_FILE = "M-TaixeUITests/Info.plist";
				LD_RUNPATH_SEARCH_PATHS = "$(inherited) @executable_path/Frameworks @loader_path/Frameworks";
				PRODUCT_BUNDLE_IDENTIFIER = "kha.M-TaixeUITests";
				PRODUCT_NAME = "$(TARGET_NAME)";
				TEST_TARGET_NAME = "M-Taixe";
			};
			name = Debug;
		};
		3127E7AA1D372448002293D4 /* Release */ = {
			isa = XCBuildConfiguration;
			buildSettings = {
				INFOPLIST_FILE = "M-TaixeUITests/Info.plist";
				LD_RUNPATH_SEARCH_PATHS = "$(inherited) @executable_path/Frameworks @loader_path/Frameworks";
				PRODUCT_BUNDLE_IDENTIFIER = "kha.M-TaixeUITests";
				PRODUCT_NAME = "$(TARGET_NAME)";
				TEST_TARGET_NAME = "M-Taixe";
			};
			name = Release;
		};
/* End XCBuildConfiguration section */

/* Begin XCConfigurationList section */
		3127E7751D372447002293D4 /* Build configuration list for PBXProject "M-Taixe" */ = {
			isa = XCConfigurationList;
			buildConfigurations = (
				3127E7A01D372448002293D4 /* Debug */,
				3127E7A11D372448002293D4 /* Release */,
			);
			defaultConfigurationIsVisible = 0;
			defaultConfigurationName = Release;
		};
		3127E7A21D372448002293D4 /* Build configuration list for PBXNativeTarget "M-Taixe" */ = {
			isa = XCConfigurationList;
			buildConfigurations = (
				3127E7A31D372448002293D4 /* Debug */,
				3127E7A41D372448002293D4 /* Release */,
			);
			defaultConfigurationIsVisible = 0;
		};
		3127E7A51D372448002293D4 /* Build configuration list for PBXNativeTarget "M-TaixeTests" */ = {
			isa = XCConfigurationList;
			buildConfigurations = (
				3127E7A61D372448002293D4 /* Debug */,
				3127E7A71D372448002293D4 /* Release */,
			);
			defaultConfigurationIsVisible = 0;
		};
		3127E7A81D372448002293D4 /* Build configuration list for PBXNativeTarget "M-TaixeUITests" */ = {
			isa = XCConfigurationList;
			buildConfigurations = (
				3127E7A91D372448002293D4 /* Debug */,
				3127E7AA1D372448002293D4 /* Release */,
			);
			defaultConfigurationIsVisible = 0;
		};
/* End XCConfigurationList section */
	};
	rootObject = 3127E7721D372447002293D4 /* Project object */;
}
